
Microsoft Visual Studio Solution File, Format Version 12.00
# Visual Studio Version 17
VisualStudioVersion = 17.8.34408.163
MinimumVisualStudioVersion = 10.0.40219.1
Project("{FAE04EC0-301F-11D3-BF4B-00C04F79EFBC}") = "Distance Converter", "Distance Converter\Distance Converter.csproj", "{934F33A8-4E2C-4D8F-8865-66BF9D792001}"
EndProject
Project("{FAE04EC0-301F-11D3-BF4B-00C04F79EFBC}") = "GPA", "GPA\GPA.csproj", "{5DAFAC02-3963-40BA-8BCC-509DB72EF4B6}"
EndProject
Project("{FAE04EC0-301F-11D3-BF4B-00C04F79EFBC}") = "Lawncare", "Lawncare\Lawncare.csproj", "{21ACDB6A-BCFA-4D63-B063-0376D1C423C8}"
EndProject
Global
	GlobalSection(SolutionConfigurationPlatforms) = preSolution
		Debug|Any CPU = Debug|Any CPU
		Release|Any CPU = Release|Any CPU
	EndGlobalSection
	GlobalSection(ProjectConfigurationPlatforms) = postSolution
		{934F33A8-4E2C-4D8F-8865-66BF9D792001}.Debug|Any CPU.ActiveCfg = Debug|Any CPU
		{934F33A8-4E2C-4D8F-8865-66BF9D792001}.Debug|Any CPU.Build.0 = Debug|Any CPU
		{934F33A8-4E2C-4D8F-8865-66BF9D792001}.Release|Any CPU.ActiveCfg = Release|Any CPU
		{934F33A8-4E2C-4D8F-8865-66BF9D792001}.Release|Any CPU.Build.0 = Release|Any CPU
		{5DAFAC02-3963-40BA-8BCC-509DB72EF4B6}.Debug|Any CPU.ActiveCfg = Debug|Any CPU
		{5DAFAC02-3963-40BA-8BCC-509DB72EF4B6}.Debug|Any CPU.Build.0 = Debug|Any CPU
		{5DAFAC02-3963-40BA-8BCC-509DB72EF4B6}.Release|Any CPU.ActiveCfg = Release|Any CPU
		{5DAFAC02-3963-40BA-8BCC-509DB72EF4B6}.Release|Any CPU.Build.0 = Release|Any CPU
		{21ACDB6A-BCFA-4D63-B063-0376D1C423C8}.Debug|Any CPU.ActiveCfg = Debug|Any CPU
		{21ACDB6A-BCFA-4D63-B063-0376D1C423C8}.Debug|Any CPU.Build.0 = Debug|Any CPU
		{21ACDB6A-BCFA-4D63-B063-0376D1C423C8}.Release|Any CPU.ActiveCfg = Release|Any CPU
		{21ACDB6A-BCFA-4D63-B063-0376D1C423C8}.Release|Any CPU.Build.0 = Release|Any CPU
	EndGlobalSection
	GlobalSection(SolutionProperties) = preSolution
		HideSolutionNode = FALSE
	EndGlobalSection
	GlobalSection(ExtensibilityGlobals) = postSolution
		SolutionGuid = {E8D73371-937C-4B24-B905-D3B23409CB0D}
	EndGlobalSection
EndGlobal
